
Microsoft Visual Studio Solution File, Format Version 12.00
# Visual Studio Version 17
VisualStudioVersion = 17.8.34322.80
MinimumVisualStudioVersion = 10.0.40219.1
Project("{2150E333-8FDC-42A3-9474-1A3956D46DE8}") = "FrontEnd", "FrontEnd", "{F19EE6E7-CBDA-46AA-AE20-E41465F01393}"
EndProject
Project("{2150E333-8FDC-42A3-9474-1A3956D46DE8}") = "Gateway", "Gateway", "{D19DDC19-0C8C-45D0-BAC2-6960B506E0BD}"
EndProject
Project("{2150E333-8FDC-42A3-9474-1A3956D46DE8}") = "Integration", "Integration", "{F3A325BA-221F-4938-9F3C-9F06ACC5E8B4}"
EndProject
Project("{2150E333-8FDC-42A3-9474-1A3956D46DE8}") = "Services", "Services", "{EB5F091A-3864-49B6-93F8-B6F826963054}"
EndProject
Project("{9A19103F-16F7-4668-BE54-9A1E7A4F7556}") = "CouponAPI", "Coupon\CouponAPI.csproj", "{C6041B95-64B6-4151-B905-761A615D26F0}"
EndProject
Project("{9A19103F-16F7-4668-BE54-9A1E7A4F7556}") = "Micro.Web", "Web\Micro.Web.csproj", "{2C6862E0-B5ED-46FA-A798-0B3C15D53B8B}"
EndProject
Project("{9A19103F-16F7-4668-BE54-9A1E7A4F7556}") = "AuthAPI", "AuthAPI\AuthAPI.csproj", "{A707A9DB-3B23-4EE4-849A-B06101AFC658}"
EndProject
Project("{9A19103F-16F7-4668-BE54-9A1E7A4F7556}") = "ProductAPI", "ProductAPI\ProductAPI.csproj", "{62771B44-802B-4F15-BBCA-EDEDC56994D2}"
EndProject
Project("{9A19103F-16F7-4668-BE54-9A1E7A4F7556}") = "ShoppingCartAPI", "ShoppingCartAPI\ShoppingCartAPI.csproj", "{2DCC0A21-5D41-43B6-9BA5-8CD9C9C57DE6}"
EndProject
Project("{9A19103F-16F7-4668-BE54-9A1E7A4F7556}") = "Micro.MessageBus", "MessageBus\Micro.MessageBus.csproj", "{7B2EA1B7-0E56-4016-8DA7-80C90FF0242B}"
EndProject
Project("{FAE04EC0-301F-11D3-BF4B-00C04F79EFBC}") = "EmailAPI", "EmailAPI\EmailAPI.csproj", "{AFD137F2-C883-4D23-B914-2601599F1A42}"
EndProject
Global
	GlobalSection(SolutionConfigurationPlatforms) = preSolution
		Debug|Any CPU = Debug|Any CPU
		Release|Any CPU = Release|Any CPU
	EndGlobalSection
	GlobalSection(ProjectConfigurationPlatforms) = postSolution
		{C6041B95-64B6-4151-B905-761A615D26F0}.Debug|Any CPU.ActiveCfg = Debug|Any CPU
		{C6041B95-64B6-4151-B905-761A615D26F0}.Debug|Any CPU.Build.0 = Debug|Any CPU
		{C6041B95-64B6-4151-B905-761A615D26F0}.Release|Any CPU.ActiveCfg = Release|Any CPU
		{C6041B95-64B6-4151-B905-761A615D26F0}.Release|Any CPU.Build.0 = Release|Any CPU
		{2C6862E0-B5ED-46FA-A798-0B3C15D53B8B}.Debug|Any CPU.ActiveCfg = Debug|Any CPU
		{2C6862E0-B5ED-46FA-A798-0B3C15D53B8B}.Debug|Any CPU.Build.0 = Debug|Any CPU
		{2C6862E0-B5ED-46FA-A798-0B3C15D53B8B}.Release|Any CPU.ActiveCfg = Release|Any CPU
		{2C6862E0-B5ED-46FA-A798-0B3C15D53B8B}.Release|Any CPU.Build.0 = Release|Any CPU
		{A707A9DB-3B23-4EE4-849A-B06101AFC658}.Debug|Any CPU.ActiveCfg = Debug|Any CPU
		{A707A9DB-3B23-4EE4-849A-B06101AFC658}.Debug|Any CPU.Build.0 = Debug|Any CPU
		{A707A9DB-3B23-4EE4-849A-B06101AFC658}.Release|Any CPU.ActiveCfg = Release|Any CPU
		{A707A9DB-3B23-4EE4-849A-B06101AFC658}.Release|Any CPU.Build.0 = Release|Any CPU
		{62771B44-802B-4F15-BBCA-EDEDC56994D2}.Debug|Any CPU.ActiveCfg = Debug|Any CPU
		{62771B44-802B-4F15-BBCA-EDEDC56994D2}.Debug|Any CPU.Build.0 = Debug|Any CPU
		{62771B44-802B-4F15-BBCA-EDEDC56994D2}.Release|Any CPU.ActiveCfg = Release|Any CPU
		{62771B44-802B-4F15-BBCA-EDEDC56994D2}.Release|Any CPU.Build.0 = Release|Any CPU
		{2DCC0A21-5D41-43B6-9BA5-8CD9C9C57DE6}.Debug|Any CPU.ActiveCfg = Debug|Any CPU
		{2DCC0A21-5D41-43B6-9BA5-8CD9C9C57DE6}.Debug|Any CPU.Build.0 = Debug|Any CPU
		{2DCC0A21-5D41-43B6-9BA5-8CD9C9C57DE6}.Release|Any CPU.ActiveCfg = Release|Any CPU
		{2DCC0A21-5D41-43B6-9BA5-8CD9C9C57DE6}.Release|Any CPU.Build.0 = Release|Any CPU
		{7B2EA1B7-0E56-4016-8DA7-80C90FF0242B}.Debug|Any CPU.ActiveCfg = Debug|Any CPU
		{7B2EA1B7-0E56-4016-8DA7-80C90FF0242B}.Debug|Any CPU.Build.0 = Debug|Any CPU
		{7B2EA1B7-0E56-4016-8DA7-80C90FF0242B}.Release|Any CPU.ActiveCfg = Release|Any CPU
		{7B2EA1B7-0E56-4016-8DA7-80C90FF0242B}.Release|Any CPU.Build.0 = Release|Any CPU
		{AFD137F2-C883-4D23-B914-2601599F1A42}.Debug|Any CPU.ActiveCfg = Debug|Any CPU
		{AFD137F2-C883-4D23-B914-2601599F1A42}.Debug|Any CPU.Build.0 = Debug|Any CPU
		{AFD137F2-C883-4D23-B914-2601599F1A42}.Release|Any CPU.ActiveCfg = Release|Any CPU
		{AFD137F2-C883-4D23-B914-2601599F1A42}.Release|Any CPU.Build.0 = Release|Any CPU
	EndGlobalSection
	GlobalSection(SolutionProperties) = preSolution
		HideSolutionNode = FALSE
	EndGlobalSection
	GlobalSection(NestedProjects) = preSolution
		{C6041B95-64B6-4151-B905-761A615D26F0} = {EB5F091A-3864-49B6-93F8-B6F826963054}
		{2C6862E0-B5ED-46FA-A798-0B3C15D53B8B} = {F19EE6E7-CBDA-46AA-AE20-E41465F01393}
		{A707A9DB-3B23-4EE4-849A-B06101AFC658} = {EB5F091A-3864-49B6-93F8-B6F826963054}
		{62771B44-802B-4F15-BBCA-EDEDC56994D2} = {EB5F091A-3864-49B6-93F8-B6F826963054}
		{2DCC0A21-5D41-43B6-9BA5-8CD9C9C57DE6} = {EB5F091A-3864-49B6-93F8-B6F826963054}
		{7B2EA1B7-0E56-4016-8DA7-80C90FF0242B} = {F3A325BA-221F-4938-9F3C-9F06ACC5E8B4}
		{AFD137F2-C883-4D23-B914-2601599F1A42} = {EB5F091A-3864-49B6-93F8-B6F826963054}
	EndGlobalSection
	GlobalSection(ExtensibilityGlobals) = postSolution
		SolutionGuid = {A0BFE667-B039-43FB-B3E7-0DD8C783A5C3}
	EndGlobalSection
EndGlobal
